
Microsoft Visual Studio Solution File, Format Version 12.00
# Visual Studio Version 17
VisualStudioVersion = 17.9.34728.123
MinimumVisualStudioVersion = 10.0.40219.1
Project("{FAE04EC0-301F-11D3-BF4B-00C04F79EFBC}") = "ERP-Financeiro-API", "ERP-Financeiro-API.csproj", "{EB2925F2-204F-4B11-A12F-C852621A3AAE}"
EndProject
Global
	GlobalSection(SolutionConfigurationPlatforms) = preSolution
		Debug|Any CPU = Debug|Any CPU
		Release|Any CPU = Release|Any CPU
	EndGlobalSection
	GlobalSection(ProjectConfigurationPlatforms) = postSolution
		{EB2925F2-204F-4B11-A12F-C852621A3AAE}.Debug|Any CPU.ActiveCfg = Debug|Any CPU
		{EB2925F2-204F-4B11-A12F-C852621A3AAE}.Debug|Any CPU.Build.0 = Debug|Any CPU
		{EB2925F2-204F-4B11-A12F-C852621A3AAE}.Release|Any CPU.ActiveCfg = Release|Any CPU
		{EB2925F2-204F-4B11-A12F-C852621A3AAE}.Release|Any CPU.Build.0 = Release|Any CPU
	EndGlobalSection
	GlobalSection(SolutionProperties) = preSolution
		HideSolutionNode = FALSE
	EndGlobalSection
	GlobalSection(ExtensibilityGlobals) = postSolution
		SolutionGuid = {AF65D046-BB8C-4230-AF39-717564FF74EA}
	EndGlobalSection
EndGlobal
